// !$*UTF8*$!
{
	archiveVersion = 1;
	classes = {
	};
	objectVersion = 46;
	objects = {

/* Begin PBXBuildFile section */
		345F00008136160328C2B6A0 /* Pods_flix_demo_03.framework in Frameworks */ = {isa = PBXBuildFile; fileRef = 75A15AA8349E36AD1FD96013 /* Pods_flix_demo_03.framework */; };
		6C84D8F92D1EA1F04916EB50 /* Pods_flix_demo_03Tests.framework in Frameworks */ = {isa = PBXBuildFile; fileRef = 5223B3A9378822F7B0FBF625 /* Pods_flix_demo_03Tests.framework */; };
		7F60495354D3CF74FCFAD31A /* Pods_flix_demo_03UITests.framework in Frameworks */ = {isa = PBXBuildFile; fileRef = A5D28FCE794719D4A5C2A1F8 /* Pods_flix_demo_03UITests.framework */; };
		D894EABE204CF7E4003F887D /* Movie.swift in Sources */ = {isa = PBXBuildFile; fileRef = D894EABD204CF7E4003F887D /* Movie.swift */; };
		D894EAC0204D017A003F887D /* MovieAPIManager.swift in Sources */ = {isa = PBXBuildFile; fileRef = D894EABF204D017A003F887D /* MovieAPIManager.swift */; };
		D8D220E4202BB57E0050C2EE /* PosterCell.swift in Sources */ = {isa = PBXBuildFile; fileRef = D8D220E3202BB57E0050C2EE /* PosterCell.swift */; };
		D8D220E6202BB5D70050C2EE /* SuperHeroViewController.swift in Sources */ = {isa = PBXBuildFile; fileRef = D8D220E5202BB5D70050C2EE /* SuperHeroViewController.swift */; };
		D8F5382D20282438000BA65B /* NowPlayingViewController.swift in Sources */ = {isa = PBXBuildFile; fileRef = D8F5382C20282438000BA65B /* NowPlayingViewController.swift */; };
		D8F5382F2029015C000BA65B /* MovieCell.swift in Sources */ = {isa = PBXBuildFile; fileRef = D8F5382E2029015C000BA65B /* MovieCell.swift */; };
		D8F53833202A82D5000BA65B /* DetailViewController.swift in Sources */ = {isa = PBXBuildFile; fileRef = D8F53832202A82D5000BA65B /* DetailViewController.swift */; };
		F0D8D771201FDB7400F95438 /* AppDelegate.swift in Sources */ = {isa = PBXBuildFile; fileRef = F0D8D770201FDB7400F95438 /* AppDelegate.swift */; };
		F0D8D776201FDB7400F95438 /* Main.storyboard in Resources */ = {isa = PBXBuildFile; fileRef = F0D8D774201FDB7400F95438 /* Main.storyboard */; };
		F0D8D778201FDB7400F95438 /* Assets.xcassets in Resources */ = {isa = PBXBuildFile; fileRef = F0D8D777201FDB7400F95438 /* Assets.xcassets */; };
		F0D8D77B201FDB7400F95438 /* LaunchScreen.storyboard in Resources */ = {isa = PBXBuildFile; fileRef = F0D8D779201FDB7400F95438 /* LaunchScreen.storyboard */; };
		F0D8D786201FDB7400F95438 /* flix_demo_03Tests.swift in Sources */ = {isa = PBXBuildFile; fileRef = F0D8D785201FDB7400F95438 /* flix_demo_03Tests.swift */; };
		F0D8D791201FDB7400F95438 /* flix_demo_03UITests.swift in Sources */ = {isa = PBXBuildFile; fileRef = F0D8D790201FDB7400F95438 /* flix_demo_03UITests.swift */; };
/* End PBXBuildFile section */

/* Begin PBXContainerItemProxy section */
		F0D8D782201FDB7400F95438 /* PBXContainerItemProxy */ = {
			isa = PBXContainerItemProxy;
			containerPortal = F0D8D765201FDB7400F95438 /* Project object */;
			proxyType = 1;
			remoteGlobalIDString = F0D8D76C201FDB7400F95438;
			remoteInfo = flix_demo_03;
		};
		F0D8D78D201FDB7400F95438 /* PBXContainerItemProxy */ = {
			isa = PBXContainerItemProxy;
			containerPortal = F0D8D765201FDB7400F95438 /* Project object */;
			proxyType = 1;
			remoteGlobalIDString = F0D8D76C201FDB7400F95438;
			remoteInfo = flix_demo_03;
		};
/* End PBXContainerItemProxy section */

/* Begin PBXFileReference section */
		01EF4655467728EAD7ECCEFC /* Pods-flix_demo_03Tests.debug.xcconfig */ = {isa = PBXFileReference; includeInIndex = 1; lastKnownFileType = text.xcconfig; name = "Pods-flix_demo_03Tests.debug.xcconfig"; path = "Pods/Target Support Files/Pods-flix_demo_03Tests/Pods-flix_demo_03Tests.debug.xcconfig"; sourceTree = "<group>"; };
		45A9C4BB417A8230B2A0F3E7 /* Pods-flix_demo_03Tests.release.xcconfig */ = {isa = PBXFileReference; includeInIndex = 1; lastKnownFileType = text.xcconfig; name = "Pods-flix_demo_03Tests.release.xcconfig"; path = "Pods/Target Support Files/Pods-flix_demo_03Tests/Pods-flix_demo_03Tests.release.xcconfig"; sourceTree = "<group>"; };
		5223B3A9378822F7B0FBF625 /* Pods_flix_demo_03Tests.framework */ = {isa = PBXFileReference; explicitFileType = wrapper.framework; includeInIndex = 0; path = Pods_flix_demo_03Tests.framework; sourceTree = BUILT_PRODUCTS_DIR; };
		530E151834C5C853C3626973 /* Pods-flix_demo_03.debug.xcconfig */ = {isa = PBXFileReference; includeInIndex = 1; lastKnownFileType = text.xcconfig; name = "Pods-flix_demo_03.debug.xcconfig"; path = "Pods/Target Support Files/Pods-flix_demo_03/Pods-flix_demo_03.debug.xcconfig"; sourceTree = "<group>"; };
		75A15AA8349E36AD1FD96013 /* Pods_flix_demo_03.framework */ = {isa = PBXFileReference; explicitFileType = wrapper.framework; includeInIndex = 0; path = Pods_flix_demo_03.framework; sourceTree = BUILT_PRODUCTS_DIR; };
		A5D28FCE794719D4A5C2A1F8 /* Pods_flix_demo_03UITests.framework */ = {isa = PBXFileReference; explicitFileType = wrapper.framework; includeInIndex = 0; path = Pods_flix_demo_03UITests.framework; sourceTree = BUILT_PRODUCTS_DIR; };
		BDC81D16FB284A052D869E38 /* Pods-flix_demo_03UITests.debug.xcconfig */ = {isa = PBXFileReference; includeInIndex = 1; lastKnownFileType = text.xcconfig; name = "Pods-flix_demo_03UITests.debug.xcconfig"; path = "Pods/Target Support Files/Pods-flix_demo_03UITests/Pods-flix_demo_03UITests.debug.xcconfig"; sourceTree = "<group>"; };
		D894EABD204CF7E4003F887D /* Movie.swift */ = {isa = PBXFileReference; fileEncoding = 4; lastKnownFileType = sourcecode.swift; name = Movie.swift; path = ../Movie.swift; sourceTree = "<group>"; };
		D894EABF204D017A003F887D /* MovieAPIManager.swift */ = {isa = PBXFileReference; fileEncoding = 4; lastKnownFileType = sourcecode.swift; path = MovieAPIManager.swift; sourceTree = "<group>"; };
		D8D220E3202BB57E0050C2EE /* PosterCell.swift */ = {isa = PBXFileReference; fileEncoding = 4; lastKnownFileType = sourcecode.swift; path = PosterCell.swift; sourceTree = "<group>"; };
		D8D220E5202BB5D70050C2EE /* SuperHeroViewController.swift */ = {isa = PBXFileReference; fileEncoding = 4; lastKnownFileType = sourcecode.swift; path = SuperHeroViewController.swift; sourceTree = "<group>"; };
		D8F53828202823C4000BA65B /* flix_demo_03-Bridging-Header.h */ = {isa = PBXFileReference; lastKnownFileType = sourcecode.c.h; path = "flix_demo_03-Bridging-Header.h"; sourceTree = "<group>"; };
		D8F5382C20282438000BA65B /* NowPlayingViewController.swift */ = {isa = PBXFileReference; fileEncoding = 4; lastKnownFileType = sourcecode.swift; path = NowPlayingViewController.swift; sourceTree = "<group>"; };
		D8F5382E2029015C000BA65B /* MovieCell.swift */ = {isa = PBXFileReference; fileEncoding = 4; lastKnownFileType = sourcecode.swift; path = MovieCell.swift; sourceTree = "<group>"; };
		D8F53832202A82D5000BA65B /* DetailViewController.swift */ = {isa = PBXFileReference; fileEncoding = 4; lastKnownFileType = sourcecode.swift; path = DetailViewController.swift; sourceTree = "<group>"; };
		DCD2078E17015F6B8C558E6B /* Pods-flix_demo_03.release.xcconfig */ = {isa = PBXFileReference; includeInIndex = 1; lastKnownFileType = text.xcconfig; name = "Pods-flix_demo_03.release.xcconfig"; path = "Pods/Target Support Files/Pods-flix_demo_03/Pods-flix_demo_03.release.xcconfig"; sourceTree = "<group>"; };
		F0D8D76D201FDB7400F95438 /* flix_demo_03.app */ = {isa = PBXFileReference; explicitFileType = wrapper.application; includeInIndex = 0; path = flix_demo_03.app; sourceTree = BUILT_PRODUCTS_DIR; };
		F0D8D770201FDB7400F95438 /* AppDelegate.swift */ = {isa = PBXFileReference; lastKnownFileType = sourcecode.swift; path = AppDelegate.swift; sourceTree = "<group>"; };
		F0D8D775201FDB7400F95438 /* Base */ = {isa = PBXFileReference; lastKnownFileType = file.storyboard; name = Base; path = Base.lproj/Main.storyboard; sourceTree = "<group>"; };
		F0D8D777201FDB7400F95438 /* Assets.xcassets */ = {isa = PBXFileReference; lastKnownFileType = folder.assetcatalog; path = Assets.xcassets; sourceTree = "<group>"; };
		F0D8D77A201FDB7400F95438 /* Base */ = {isa = PBXFileReference; lastKnownFileType = file.storyboard; name = Base; path = Base.lproj/LaunchScreen.storyboard; sourceTree = "<group>"; };
		F0D8D77C201FDB7400F95438 /* Info.plist */ = {isa = PBXFileReference; lastKnownFileType = text.plist.xml; path = Info.plist; sourceTree = "<group>"; };
		F0D8D781201FDB7400F95438 /* flix_demo_03Tests.xctest */ = {isa = PBXFileReference; explicitFileType = wrapper.cfbundle; includeInIndex = 0; path = flix_demo_03Tests.xctest; sourceTree = BUILT_PRODUCTS_DIR; };
		F0D8D785201FDB7400F95438 /* flix_demo_03Tests.swift */ = {isa = PBXFileReference; lastKnownFileType = sourcecode.swift; path = flix_demo_03Tests.swift; sourceTree = "<group>"; };
		F0D8D787201FDB7400F95438 /* Info.plist */ = {isa = PBXFileReference; lastKnownFileType = text.plist.xml; path = Info.plist; sourceTree = "<group>"; };
		F0D8D78C201FDB7400F95438 /* flix_demo_03UITests.xctest */ = {isa = PBXFileReference; explicitFileType = wrapper.cfbundle; includeInIndex = 0; path = flix_demo_03UITests.xctest; sourceTree = BUILT_PRODUCTS_DIR; };
		F0D8D790201FDB7400F95438 /* flix_demo_03UITests.swift */ = {isa = PBXFileReference; lastKnownFileType = sourcecode.swift; path = flix_demo_03UITests.swift; sourceTree = "<group>"; };
		F0D8D792201FDB7400F95438 /* Info.plist */ = {isa = PBXFileReference; lastKnownFileType = text.plist.xml; path = Info.plist; sourceTree = "<group>"; };
		F556309632D2F82FAF262C4A /* Pods-flix_demo_03UITests.release.xcconfig */ = {isa = PBXFileReference; includeInIndex = 1; lastKnownFileType = text.xcconfig; name = "Pods-flix_demo_03UITests.release.xcconfig"; path = "Pods/Target Support Files/Pods-flix_demo_03UITests/Pods-flix_demo_03UITests.release.xcconfig"; sourceTree = "<group>"; };
/* End PBXFileReference section */

/* Begin PBXFrameworksBuildPhase section */
		F0D8D76A201FDB7400F95438 /* Frameworks */ = {
			isa = PBXFrameworksBuildPhase;
			buildActionMask = 2147483647;
			files = (
				345F00008136160328C2B6A0 /* Pods_flix_demo_03.framework in Frameworks */,
			);
			runOnlyForDeploymentPostprocessing = 0;
		};
		F0D8D77E201FDB7400F95438 /* Frameworks */ = {
			isa = PBXFrameworksBuildPhase;
			buildActionMask = 2147483647;
			files = (
				6C84D8F92D1EA1F04916EB50 /* Pods_flix_demo_03Tests.framework in Frameworks */,
			);
			runOnlyForDeploymentPostprocessing = 0;
		};
		F0D8D789201FDB7400F95438 /* Frameworks */ = {
			isa = PBXFrameworksBuildPhase;
			buildActionMask = 2147483647;
			files = (
				7F60495354D3CF74FCFAD31A /* Pods_flix_demo_03UITests.framework in Frameworks */,
			);
			runOnlyForDeploymentPostprocessing = 0;
		};
/* End PBXFrameworksBuildPhase section */

/* Begin PBXGroup section */
		0AAC7D66B0B24C9262DEB2A1 /* Pods */ = {
			isa = PBXGroup;
			children = (
				530E151834C5C853C3626973 /* Pods-flix_demo_03.debug.xcconfig */,
				DCD2078E17015F6B8C558E6B /* Pods-flix_demo_03.release.xcconfig */,
				01EF4655467728EAD7ECCEFC /* Pods-flix_demo_03Tests.debug.xcconfig */,
				45A9C4BB417A8230B2A0F3E7 /* Pods-flix_demo_03Tests.release.xcconfig */,
				BDC81D16FB284A052D869E38 /* Pods-flix_demo_03UITests.debug.xcconfig */,
				F556309632D2F82FAF262C4A /* Pods-flix_demo_03UITests.release.xcconfig */,
			);
			name = Pods;
			sourceTree = "<group>";
		};
		57998D9C108F9EFD67319BD0 /* Frameworks */ = {
			isa = PBXGroup;
			children = (
				75A15AA8349E36AD1FD96013 /* Pods_flix_demo_03.framework */,
				5223B3A9378822F7B0FBF625 /* Pods_flix_demo_03Tests.framework */,
				A5D28FCE794719D4A5C2A1F8 /* Pods_flix_demo_03UITests.framework */,
			);
			name = Frameworks;
			sourceTree = "<group>";
		};
		D8F53830202A827D000BA65B /* ViewControllers */ = {
			isa = PBXGroup;
			children = (
				D8F5382C20282438000BA65B /* NowPlayingViewController.swift */,
				D8F53832202A82D5000BA65B /* DetailViewController.swift */,
				D8D220E5202BB5D70050C2EE /* SuperHeroViewController.swift */,
			);
			name = ViewControllers;
			sourceTree = "<group>";
		};
		D8F53831202A828B000BA65B /* Views */ = {
			isa = PBXGroup;
			children = (
				D8F5382E2029015C000BA65B /* MovieCell.swift */,
				D8D220E3202BB57E0050C2EE /* PosterCell.swift */,
			);
			name = Views;
			sourceTree = "<group>";
		};
		F0D8D764201FDB7400F95438 = {
			isa = PBXGroup;
			children = (
				F0D8D76F201FDB7400F95438 /* flix_demo_03 */,
				F0D8D784201FDB7400F95438 /* flix_demo_03Tests */,
				F0D8D78F201FDB7400F95438 /* flix_demo_03UITests */,
				F0D8D76E201FDB7400F95438 /* Products */,
				0AAC7D66B0B24C9262DEB2A1 /* Pods */,
				57998D9C108F9EFD67319BD0 /* Frameworks */,
			);
			sourceTree = "<group>";
		};
		F0D8D76E201FDB7400F95438 /* Products */ = {
			isa = PBXGroup;
			children = (
				F0D8D76D201FDB7400F95438 /* flix_demo_03.app */,
				F0D8D781201FDB7400F95438 /* flix_demo_03Tests.xctest */,
				F0D8D78C201FDB7400F95438 /* flix_demo_03UITests.xctest */,
			);
			name = Products;
			sourceTree = "<group>";
		};
		F0D8D76F201FDB7400F95438 /* flix_demo_03 */ = {
			isa = PBXGroup;
			children = (
				F0D8D774201FDB7400F95438 /* Main.storyboard */,
				D894EABD204CF7E4003F887D /* Movie.swift */,
				D894EABF204D017A003F887D /* MovieAPIManager.swift */,
				D8F53831202A828B000BA65B /* Views */,
				D8F53830202A827D000BA65B /* ViewControllers */,
				F0D8D770201FDB7400F95438 /* AppDelegate.swift */,
				F0D8D777201FDB7400F95438 /* Assets.xcassets */,
				F0D8D779201FDB7400F95438 /* LaunchScreen.storyboard */,
				F0D8D77C201FDB7400F95438 /* Info.plist */,
				D8F53828202823C4000BA65B /* flix_demo_03-Bridging-Header.h */,
			);
			path = flix_demo_03;
			sourceTree = "<group>";
		};
		F0D8D784201FDB7400F95438 /* flix_demo_03Tests */ = {
			isa = PBXGroup;
			children = (
				F0D8D785201FDB7400F95438 /* flix_demo_03Tests.swift */,
				F0D8D787201FDB7400F95438 /* Info.plist */,
			);
			path = flix_demo_03Tests;
			sourceTree = "<group>";
		};
		F0D8D78F201FDB7400F95438 /* flix_demo_03UITests */ = {
			isa = PBXGroup;
			children = (
				F0D8D790201FDB7400F95438 /* flix_demo_03UITests.swift */,
				F0D8D792201FDB7400F95438 /* Info.plist */,
			);
			path = flix_demo_03UITests;
			sourceTree = "<group>";
		};
/* End PBXGroup section */

/* Begin PBXNativeTarget section */
		F0D8D76C201FDB7400F95438 /* flix_demo_03 */ = {
			isa = PBXNativeTarget;
			buildConfigurationList = F0D8D795201FDB7400F95438 /* Build configuration list for PBXNativeTarget "flix_demo_03" */;
			buildPhases = (
				A8AA7E2ADBEC81098227E0EF /* [CP] Check Pods Manifest.lock */,
				F0D8D769201FDB7400F95438 /* Sources */,
				F0D8D76A201FDB7400F95438 /* Frameworks */,
				F0D8D76B201FDB7400F95438 /* Resources */,
				36A0F1BEA123C67674D1FE6F /* [CP] Embed Pods Frameworks */,
				9D8AA94D68A042EC4F27DFEC /* [CP] Copy Pods Resources */,
			);
			buildRules = (
			);
			dependencies = (
			);
			name = flix_demo_03;
			productName = flix_demo_03;
			productReference = F0D8D76D201FDB7400F95438 /* flix_demo_03.app */;
			productType = "com.apple.product-type.application";
		};
		F0D8D780201FDB7400F95438 /* flix_demo_03Tests */ = {
			isa = PBXNativeTarget;
			buildConfigurationList = F0D8D798201FDB7400F95438 /* Build configuration list for PBXNativeTarget "flix_demo_03Tests" */;
			buildPhases = (
				C66523C96B6F6208EEF1C6D9 /* [CP] Check Pods Manifest.lock */,
				F0D8D77D201FDB7400F95438 /* Sources */,
				F0D8D77E201FDB7400F95438 /* Frameworks */,
				F0D8D77F201FDB7400F95438 /* Resources */,
				D731811A08B4188BAA2C7DA8 /* [CP] Embed Pods Frameworks */,
				0EFFA1D99522BE4C9B9FF1B6 /* [CP] Copy Pods Resources */,
			);
			buildRules = (
			);
			dependencies = (
				F0D8D783201FDB7400F95438 /* PBXTargetDependency */,
			);
			name = flix_demo_03Tests;
			productName = flix_demo_03Tests;
			productReference = F0D8D781201FDB7400F95438 /* flix_demo_03Tests.xctest */;
			productType = "com.apple.product-type.bundle.unit-test";
		};
		F0D8D78B201FDB7400F95438 /* flix_demo_03UITests */ = {
			isa = PBXNativeTarget;
			buildConfigurationList = F0D8D79B201FDB7400F95438 /* Build configuration list for PBXNativeTarget "flix_demo_03UITests" */;
			buildPhases = (
				A1A14A9E0A05E607D002F727 /* [CP] Check Pods Manifest.lock */,
				F0D8D788201FDB7400F95438 /* Sources */,
				F0D8D789201FDB7400F95438 /* Frameworks */,
				F0D8D78A201FDB7400F95438 /* Resources */,
				57A0AD4A870C299C5F202B5B /* [CP] Embed Pods Frameworks */,
				3D4F7C214BBD7450203D8BE7 /* [CP] Copy Pods Resources */,
			);
			buildRules = (
			);
			dependencies = (
				F0D8D78E201FDB7400F95438 /* PBXTargetDependency */,
			);
			name = flix_demo_03UITests;
			productName = flix_demo_03UITests;
			productReference = F0D8D78C201FDB7400F95438 /* flix_demo_03UITests.xctest */;
			productType = "com.apple.product-type.bundle.ui-testing";
		};
/* End PBXNativeTarget section */

/* Begin PBXProject section */
		F0D8D765201FDB7400F95438 /* Project object */ = {
			isa = PBXProject;
			attributes = {
				LastSwiftUpdateCheck = 0830;
				LastUpgradeCheck = 0830;
				ORGANIZATIONNAME = "Joseph Antongiovanni";
				TargetAttributes = {
					F0D8D76C201FDB7400F95438 = {
						CreatedOnToolsVersion = 8.3.3;
						LastSwiftMigration = 0800;
						ProvisioningStyle = Automatic;
					};
					F0D8D780201FDB7400F95438 = {
						CreatedOnToolsVersion = 8.3.3;
						ProvisioningStyle = Automatic;
						TestTargetID = F0D8D76C201FDB7400F95438;
					};
					F0D8D78B201FDB7400F95438 = {
						CreatedOnToolsVersion = 8.3.3;
						ProvisioningStyle = Automatic;
						TestTargetID = F0D8D76C201FDB7400F95438;
					};
				};
			};
			buildConfigurationList = F0D8D768201FDB7400F95438 /* Build configuration list for PBXProject "flix_demo_03" */;
			compatibilityVersion = "Xcode 3.2";
			developmentRegion = English;
			hasScannedForEncodings = 0;
			knownRegions = (
				en,
				Base,
			);
			mainGroup = F0D8D764201FDB7400F95438;
			productRefGroup = F0D8D76E201FDB7400F95438 /* Products */;
			projectDirPath = "";
			projectRoot = "";
			targets = (
				F0D8D76C201FDB7400F95438 /* flix_demo_03 */,
				F0D8D780201FDB7400F95438 /* flix_demo_03Tests */,
				F0D8D78B201FDB7400F95438 /* flix_demo_03UITests */,
			);
		};
/* End PBXProject section */

/* Begin PBXResourcesBuildPhase section */
		F0D8D76B201FDB7400F95438 /* Resources */ = {
			isa = PBXResourcesBuildPhase;
			buildActionMask = 2147483647;
			files = (
				F0D8D77B201FDB7400F95438 /* LaunchScreen.storyboard in Resources */,
				F0D8D778201FDB7400F95438 /* Assets.xcassets in Resources */,
				F0D8D776201FDB7400F95438 /* Main.storyboard in Resources */,
			);
			runOnlyForDeploymentPostprocessing = 0;
		};
		F0D8D77F201FDB7400F95438 /* Resources */ = {
			isa = PBXResourcesBuildPhase;
			buildActionMask = 2147483647;
			files = (
			);
			runOnlyForDeploymentPostprocessing = 0;
		};
		F0D8D78A201FDB7400F95438 /* Resources */ = {
			isa = PBXResourcesBuildPhase;
			buildActionMask = 2147483647;
			files = (
			);
			runOnlyForDeploymentPostprocessing = 0;
		};
/* End PBXResourcesBuildPhase section */

/* Begin PBXShellScriptBuildPhase section */
		0EFFA1D99522BE4C9B9FF1B6 /* [CP] Copy Pods Resources */ = {
			isa = PBXShellScriptBuildPhase;
			buildActionMask = 2147483647;
			files = (
			);
			inputPaths = (
			);
			name = "[CP] Copy Pods Resources";
			outputPaths = (
			);
			runOnlyForDeploymentPostprocessing = 0;
			shellPath = /bin/sh;
			shellScript = "\"${SRCROOT}/Pods/Target Support Files/Pods-flix_demo_03Tests/Pods-flix_demo_03Tests-resources.sh\"\n";
			showEnvVarsInLog = 0;
		};
		36A0F1BEA123C67674D1FE6F /* [CP] Embed Pods Frameworks */ = {
			isa = PBXShellScriptBuildPhase;
			buildActionMask = 2147483647;
			files = (
			);
			inputPaths = (
				"${SRCROOT}/Pods/Target Support Files/Pods-flix_demo_03/Pods-flix_demo_03-frameworks.sh",
				"${BUILT_PRODUCTS_DIR}/Alamofire/Alamofire.framework",
				"${BUILT_PRODUCTS_DIR}/AlamofireImage/AlamofireImage.framework",
			);
			name = "[CP] Embed Pods Frameworks";
			outputPaths = (
				"${TARGET_BUILD_DIR}/${FRAMEWORKS_FOLDER_PATH}/Alamofire.framework",
				"${TARGET_BUILD_DIR}/${FRAMEWORKS_FOLDER_PATH}/AlamofireImage.framework",
			);
			runOnlyForDeploymentPostprocessing = 0;
			shellPath = /bin/sh;
			shellScript = "\"${SRCROOT}/Pods/Target Support Files/Pods-flix_demo_03/Pods-flix_demo_03-frameworks.sh\"\n";
			showEnvVarsInLog = 0;
		};
		3D4F7C214BBD7450203D8BE7 /* [CP] Copy Pods Resources */ = {
			isa = PBXShellScriptBuildPhase;
			buildActionMask = 2147483647;
			files = (
			);
			inputPaths = (
			);
			name = "[CP] Copy Pods Resources";
			outputPaths = (
			);
			runOnlyForDeploymentPostprocessing = 0;
			shellPath = /bin/sh;
			shellScript = "\"${SRCROOT}/Pods/Target Support Files/Pods-flix_demo_03UITests/Pods-flix_demo_03UITests-resources.sh\"\n";
			showEnvVarsInLog = 0;
		};
		57A0AD4A870C299C5F202B5B /* [CP] Embed Pods Frameworks */ = {
			isa = PBXShellScriptBuildPhase;
			buildActionMask = 2147483647;
			files = (
			);
			inputPaths = (
			);
			name = "[CP] Embed Pods Frameworks";
			outputPaths = (
			);
			runOnlyForDeploymentPostprocessing = 0;
			shellPath = /bin/sh;
			shellScript = "\"${SRCROOT}/Pods/Target Support Files/Pods-flix_demo_03UITests/Pods-flix_demo_03UITests-frameworks.sh\"\n";
			showEnvVarsInLog = 0;
		};
		9D8AA94D68A042EC4F27DFEC /* [CP] Copy Pods Resources */ = {
			isa = PBXShellScriptBuildPhase;
			buildActionMask = 2147483647;
			files = (
			);
			inputPaths = (
			);
			name = "[CP] Copy Pods Resources";
			outputPaths = (
			);
			runOnlyForDeploymentPostprocessing = 0;
			shellPath = /bin/sh;
			shellScript = "\"${SRCROOT}/Pods/Target Support Files/Pods-flix_demo_03/Pods-flix_demo_03-resources.sh\"\n";
			showEnvVarsInLog = 0;
		};
		A1A14A9E0A05E607D002F727 /* [CP] Check Pods Manifest.lock */ = {
			isa = PBXShellScriptBuildPhase;
			buildActionMask = 2147483647;
			files = (
			);
			inputPaths = (
				"${PODS_PODFILE_DIR_PATH}/Podfile.lock",
				"${PODS_ROOT}/Manifest.lock",
			);
			name = "[CP] Check Pods Manifest.lock";
			outputPaths = (
				"$(DERIVED_FILE_DIR)/Pods-flix_demo_03UITests-checkManifestLockResult.txt",
			);
			runOnlyForDeploymentPostprocessing = 0;
			shellPath = /bin/sh;
			shellScript = "diff \"${PODS_PODFILE_DIR_PATH}/Podfile.lock\" \"${PODS_ROOT}/Manifest.lock\" > /dev/null\nif [ $? != 0 ] ; then\n    # print error to STDERR\n    echo \"error: The sandbox is not in sync with the Podfile.lock. Run 'pod install' or update your CocoaPods installation.\" >&2\n    exit 1\nfi\n# This output is used by Xcode 'outputs' to avoid re-running this script phase.\necho \"SUCCESS\" > \"${SCRIPT_OUTPUT_FILE_0}\"\n";
			showEnvVarsInLog = 0;
		};
		A8AA7E2ADBEC81098227E0EF /* [CP] Check Pods Manifest.lock */ = {
			isa = PBXShellScriptBuildPhase;
			buildActionMask = 2147483647;
			files = (
			);
			inputPaths = (
				"${PODS_PODFILE_DIR_PATH}/Podfile.lock",
				"${PODS_ROOT}/Manifest.lock",
			);
			name = "[CP] Check Pods Manifest.lock";
			outputPaths = (
				"$(DERIVED_FILE_DIR)/Pods-flix_demo_03-checkManifestLockResult.txt",
			);
			runOnlyForDeploymentPostprocessing = 0;
			shellPath = /bin/sh;
			shellScript = "diff \"${PODS_PODFILE_DIR_PATH}/Podfile.lock\" \"${PODS_ROOT}/Manifest.lock\" > /dev/null\nif [ $? != 0 ] ; then\n    # print error to STDERR\n    echo \"error: The sandbox is not in sync with the Podfile.lock. Run 'pod install' or update your CocoaPods installation.\" >&2\n    exit 1\nfi\n# This output is used by Xcode 'outputs' to avoid re-running this script phase.\necho \"SUCCESS\" > \"${SCRIPT_OUTPUT_FILE_0}\"\n";
			showEnvVarsInLog = 0;
		};
		C66523C96B6F6208EEF1C6D9 /* [CP] Check Pods Manifest.lock */ = {
			isa = PBXShellScriptBuildPhase;
			buildActionMask = 2147483647;
			files = (
			);
			inputPaths = (
				"${PODS_PODFILE_DIR_PATH}/Podfile.lock",
				"${PODS_ROOT}/Manifest.lock",
			);
			name = "[CP] Check Pods Manifest.lock";
			outputPaths = (
				"$(DERIVED_FILE_DIR)/Pods-flix_demo_03Tests-checkManifestLockResult.txt",
			);
			runOnlyForDeploymentPostprocessing = 0;
			shellPath = /bin/sh;
			shellScript = "diff \"${PODS_PODFILE_DIR_PATH}/Podfile.lock\" \"${PODS_ROOT}/Manifest.lock\" > /dev/null\nif [ $? != 0 ] ; then\n    # print error to STDERR\n    echo \"error: The sandbox is not in sync with the Podfile.lock. Run 'pod install' or update your CocoaPods installation.\" >&2\n    exit 1\nfi\n# This output is used by Xcode 'outputs' to avoid re-running this script phase.\necho \"SUCCESS\" > \"${SCRIPT_OUTPUT_FILE_0}\"\n";
			showEnvVarsInLog = 0;
		};
		D731811A08B4188BAA2C7DA8 /* [CP] Embed Pods Frameworks */ = {
			isa = PBXShellScriptBuildPhase;
			buildActionMask = 2147483647;
			files = (
			);
			inputPaths = (
			);
			name = "[CP] Embed Pods Frameworks";
			outputPaths = (
			);
			runOnlyForDeploymentPostprocessing = 0;
			shellPath = /bin/sh;
			shellScript = "\"${SRCROOT}/Pods/Target Support Files/Pods-flix_demo_03Tests/Pods-flix_demo_03Tests-frameworks.sh\"\n";
			showEnvVarsInLog = 0;
		};
/* End PBXShellScriptBuildPhase section */

/* Begin PBXSourcesBuildPhase section */
		F0D8D769201FDB7400F95438 /* Sources */ = {
			isa = PBXSourcesBuildPhase;
			buildActionMask = 2147483647;
			files = (
				D894EABE204CF7E4003F887D /* Movie.swift in Sources */,
				D8D220E6202BB5D70050C2EE /* SuperHeroViewController.swift in Sources */,
				D8F5382D20282438000BA65B /* NowPlayingViewController.swift in Sources */,
				D8D220E4202BB57E0050C2EE /* PosterCell.swift in Sources */,
				F0D8D771201FDB7400F95438 /* AppDelegate.swift in Sources */,
				D894EAC0204D017A003F887D /* MovieAPIManager.swift in Sources */,
				D8F5382F2029015C000BA65B /* MovieCell.swift in Sources */,
				D8F53833202A82D5000BA65B /* DetailViewController.swift in Sources */,
			);
			runOnlyForDeploymentPostprocessing = 0;
		};
		F0D8D77D201FDB7400F95438 /* Sources */ = {
			isa = PBXSourcesBuildPhase;
			buildActionMask = 2147483647;
			files = (
				F0D8D786201FDB7400F95438 /* flix_demo_03Tests.swift in Sources */,
			);
			runOnlyForDeploymentPostprocessing = 0;
		};
		F0D8D788201FDB7400F95438 /* Sources */ = {
			isa = PBXSourcesBuildPhase;
			buildActionMask = 2147483647;
			files = (
				F0D8D791201FDB7400F95438 /* flix_demo_03UITests.swift in Sources */,
			);
			runOnlyForDeploymentPostprocessing = 0;
		};
/* End PBXSourcesBuildPhase section */

/* Begin PBXTargetDependency section */
		F0D8D783201FDB7400F95438 /* PBXTargetDependency */ = {
			isa = PBXTargetDependency;
			target = F0D8D76C201FDB7400F95438 /* flix_demo_03 */;
			targetProxy = F0D8D782201FDB7400F95438 /* PBXContainerItemProxy */;
		};
		F0D8D78E201FDB7400F95438 /* PBXTargetDependency */ = {
			isa = PBXTargetDependency;
			target = F0D8D76C201FDB7400F95438 /* flix_demo_03 */;
			targetProxy = F0D8D78D201FDB7400F95438 /* PBXContainerItemProxy */;
		};
/* End PBXTargetDependency section */

/* Begin PBXVariantGroup section */
		F0D8D774201FDB7400F95438 /* Main.storyboard */ = {
			isa = PBXVariantGroup;
			children = (
				F0D8D775201FDB7400F95438 /* Base */,
			);
			name = Main.storyboard;
			sourceTree = "<group>";
		};
		F0D8D779201FDB7400F95438 /* LaunchScreen.storyboard */ = {
			isa = PBXVariantGroup;
			children = (
				F0D8D77A201FDB7400F95438 /* Base */,
			);
			name = LaunchScreen.storyboard;
			sourceTree = "<group>";
		};
/* End PBXVariantGroup section */

/* Begin XCBuildConfiguration section */
		F0D8D793201FDB7400F95438 /* Debug */ = {
			isa = XCBuildConfiguration;
			buildSettings = {
				ALWAYS_SEARCH_USER_PATHS = NO;
				CLANG_ANALYZER_NONNULL = YES;
				CLANG_ANALYZER_NUMBER_OBJECT_CONVERSION = YES_AGGRESSIVE;
				CLANG_CXX_LANGUAGE_STANDARD = "gnu++0x";
				CLANG_CXX_LIBRARY = "libc++";
				CLANG_ENABLE_MODULES = YES;
				CLANG_ENABLE_OBJC_ARC = YES;
				CLANG_WARN_BOOL_CONVERSION = YES;
				CLANG_WARN_CONSTANT_CONVERSION = YES;
				CLANG_WARN_DIRECT_OBJC_ISA_USAGE = YES_ERROR;
				CLANG_WARN_DOCUMENTATION_COMMENTS = YES;
				CLANG_WARN_EMPTY_BODY = YES;
				CLANG_WARN_ENUM_CONVERSION = YES;
				CLANG_WARN_INFINITE_RECURSION = YES;
				CLANG_WARN_INT_CONVERSION = YES;
				CLANG_WARN_OBJC_ROOT_CLASS = YES_ERROR;
				CLANG_WARN_SUSPICIOUS_MOVE = YES;
				CLANG_WARN_UNREACHABLE_CODE = YES;
				CLANG_WARN__DUPLICATE_METHOD_MATCH = YES;
				"CODE_SIGN_IDENTITY[sdk=iphoneos*]" = "iPhone Developer";
				COPY_PHASE_STRIP = NO;
				DEBUG_INFORMATION_FORMAT = dwarf;
				ENABLE_STRICT_OBJC_MSGSEND = YES;
				ENABLE_TESTABILITY = YES;
				GCC_C_LANGUAGE_STANDARD = gnu99;
				GCC_DYNAMIC_NO_PIC = NO;
				GCC_NO_COMMON_BLOCKS = YES;
				GCC_OPTIMIZATION_LEVEL = 0;
				GCC_PREPROCESSOR_DEFINITIONS = (
					"DEBUG=1",
					"$(inherited)",
				);
				GCC_WARN_64_TO_32_BIT_CONVERSION = YES;
				GCC_WARN_ABOUT_RETURN_TYPE = YES_ERROR;
				GCC_WARN_UNDECLARED_SELECTOR = YES;
				GCC_WARN_UNINITIALIZED_AUTOS = YES_AGGRESSIVE;
				GCC_WARN_UNUSED_FUNCTION = YES;
				GCC_WARN_UNUSED_VARIABLE = YES;
				IPHONEOS_DEPLOYMENT_TARGET = 10.0;
				MTL_ENABLE_DEBUG_INFO = YES;
				ONLY_ACTIVE_ARCH = YES;
				SDKROOT = iphoneos;
				SWIFT_ACTIVE_COMPILATION_CONDITIONS = DEBUG;
				SWIFT_OPTIMIZATION_LEVEL = "-Onone";
			};
			name = Debug;
		};
		F0D8D794201FDB7400F95438 /* Release */ = {
			isa = XCBuildConfiguration;
			buildSettings = {
				ALWAYS_SEARCH_USER_PATHS = NO;
				CLANG_ANALYZER_NONNULL = YES;
				CLANG_ANALYZER_NUMBER_OBJECT_CONVERSION = YES_AGGRESSIVE;
				CLANG_CXX_LANGUAGE_STANDARD = "gnu++0x";
				CLANG_CXX_LIBRARY = "libc++";
				CLANG_ENABLE_MODULES = YES;
				CLANG_ENABLE_OBJC_ARC = YES;
				CLANG_WARN_BOOL_CONVERSION = YES;
				CLANG_WARN_CONSTANT_CONVERSION = YES;
				CLANG_WARN_DIRECT_OBJC_ISA_USAGE = YES_ERROR;
				CLANG_WARN_DOCUMENTATION_COMMENTS = YES;
				CLANG_WARN_EMPTY_BODY = YES;
				CLANG_WARN_ENUM_CONVERSION = YES;
				CLANG_WARN_INFINITE_RECURSION = YES;
				CLANG_WARN_INT_CONVERSION = YES;
				CLANG_WARN_OBJC_ROOT_CLASS = YES_ERROR;
				CLANG_WARN_SUSPICIOUS_MOVE = YES;
				CLANG_WARN_UNREACHABLE_CODE = YES;
				CLANG_WARN__DUPLICATE_METHOD_MATCH = YES;
				"CODE_SIGN_IDENTITY[sdk=iphoneos*]" = "iPhone Developer";
				COPY_PHASE_STRIP = NO;
				DEBUG_INFORMATION_FORMAT = "dwarf-with-dsym";
				ENABLE_NS_ASSERTIONS = NO;
				ENABLE_STRICT_OBJC_MSGSEND = YES;
				GCC_C_LANGUAGE_STANDARD = gnu99;
				GCC_NO_COMMON_BLOCKS = YES;
				GCC_WARN_64_TO_32_BIT_CONVERSION = YES;
				GCC_WARN_ABOUT_RETURN_TYPE = YES_ERROR;
				GCC_WARN_UNDECLARED_SELECTOR = YES;
				GCC_WARN_UNINITIALIZED_AUTOS = YES_AGGRESSIVE;
				GCC_WARN_UNUSED_FUNCTION = YES;
				GCC_WARN_UNUSED_VARIABLE = YES;
				IPHONEOS_DEPLOYMENT_TARGET = 10.0;
				MTL_ENABLE_DEBUG_INFO = NO;
				SDKROOT = iphoneos;
				SWIFT_OPTIMIZATION_LEVEL = "-Owholemodule";
				VALIDATE_PRODUCT = YES;
			};
			name = Release;
		};
		F0D8D796201FDB7400F95438 /* Debug */ = {
			isa = XCBuildConfiguration;
			baseConfigurationReference = 530E151834C5C853C3626973 /* Pods-flix_demo_03.debug.xcconfig */;
			buildSettings = {
				ASSETCATALOG_COMPILER_APPICON_NAME = AppIcon;
				CLANG_ENABLE_MODULES = YES;
				INFOPLIST_FILE = flix_demo_03/Info.plist;
				IPHONEOS_DEPLOYMENT_TARGET = 10.0;
				LD_RUNPATH_SEARCH_PATHS = "$(inherited) @executable_path/Frameworks";
				PRODUCT_BUNDLE_IDENTIFIER = "csumb.edu.jantongiovanni.flix-demo-03";
				PRODUCT_NAME = "$(TARGET_NAME)";
				SWIFT_OBJC_BRIDGING_HEADER = "flix_demo_03/flix_demo_03-Bridging-Header.h";
				SWIFT_OPTIMIZATION_LEVEL = "-Onone";
				SWIFT_VERSION = 3.0;
			};
			name = Debug;
		};
		F0D8D797201FDB7400F95438 /* Release */ = {
			isa = XCBuildConfiguration;
			baseConfigurationReference = DCD2078E17015F6B8C558E6B /* Pods-flix_demo_03.release.xcconfig */;
			buildSettings = {
				ASSETCATALOG_COMPILER_APPICON_NAME = AppIcon;
				CLANG_ENABLE_MODULES = YES;
				INFOPLIST_FILE = flix_demo_03/Info.plist;
				IPHONEOS_DEPLOYMENT_TARGET = 10.0;
				LD_RUNPATH_SEARCH_PATHS = "$(inherited) @executable_path/Frameworks";
				PRODUCT_BUNDLE_IDENTIFIER = "csumb.edu.jantongiovanni.flix-demo-03";
				PRODUCT_NAME = "$(TARGET_NAME)";
				SWIFT_OBJC_BRIDGING_HEADER = "flix_demo_03/flix_demo_03-Bridging-Header.h";
				SWIFT_VERSION = 3.0;
			};
			name = Release;
		};
		F0D8D799201FDB7400F95438 /* Debug */ = {
			isa = XCBuildConfiguration;
			baseConfigurationReference = 01EF4655467728EAD7ECCEFC /* Pods-flix_demo_03Tests.debug.xcconfig */;
			buildSettings = {
				ALWAYS_EMBED_SWIFT_STANDARD_LIBRARIES = YES;
				BUNDLE_LOADER = "$(TEST_HOST)";
				INFOPLIST_FILE = flix_demo_03Tests/Info.plist;
				IPHONEOS_DEPLOYMENT_TARGET = 10.0;
				LD_RUNPATH_SEARCH_PATHS = "$(inherited) @executable_path/Frameworks @loader_path/Frameworks";
				PRODUCT_BUNDLE_IDENTIFIER = "csumb.edu.jantongiovanni.flix-demo-03Tests";
				PRODUCT_NAME = "$(TARGET_NAME)";
				SWIFT_VERSION = 3.0;
				TEST_HOST = "$(BUILT_PRODUCTS_DIR)/flix_demo_03.app/flix_demo_03";
			};
			name = Debug;
		};
		F0D8D79A201FDB7400F95438 /* Release */ = {
			isa = XCBuildConfiguration;
			baseConfigurationReference = 45A9C4BB417A8230B2A0F3E7 /* Pods-flix_demo_03Tests.release.xcconfig */;
			buildSettings = {
				ALWAYS_EMBED_SWIFT_STANDARD_LIBRARIES = YES;
				BUNDLE_LOADER = "$(TEST_HOST)";
				INFOPLIST_FILE = flix_demo_03Tests/Info.plist;
				IPHONEOS_DEPLOYMENT_TARGET = 10.0;
				LD_RUNPATH_SEARCH_PATHS = "$(inherited) @executable_path/Frameworks @loader_path/Frameworks";
				PRODUCT_BUNDLE_IDENTIFIER = "csumb.edu.jantongiovanni.flix-demo-03Tests";
				PRODUCT_NAME = "$(TARGET_NAME)";
				SWIFT_VERSION = 3.0;
				TEST_HOST = "$(BUILT_PRODUCTS_DIR)/flix_demo_03.app/flix_demo_03";
			};
			name = Release;
		};
		F0D8D79C201FDB7400F95438 /* Debug */ = {
			isa = XCBuildConfiguration;
			baseConfigurationReference = BDC81D16FB284A052D869E38 /* Pods-flix_demo_03UITests.debug.xcconfig */;
			buildSettings = {
				ALWAYS_EMBED_SWIFT_STANDARD_LIBRARIES = YES;
				INFOPLIST_FILE = flix_demo_03UITests/Info.plist;
				IPHONEOS_DEPLOYMENT_TARGET = 10.0;
				LD_RUNPATH_SEARCH_PATHS = "$(inherited) @executable_path/Frameworks @loader_path/Frameworks";
				PRODUCT_BUNDLE_IDENTIFIER = "csumb.edu.jantongiovanni.flix-demo-03UITests";
				PRODUCT_NAME = "$(TARGET_NAME)";
				SWIFT_VERSION = 3.0;
				TEST_TARGET_NAME = flix_demo_03;
			};
			name = Debug;
		};
		F0D8D79D201FDB7400F95438 /* Release */ = {
			isa = XCBuildConfiguration;
			baseConfigurationReference = F556309632D2F82FAF262C4A /* Pods-flix_demo_03UITests.release.xcconfig */;
			buildSettings = {
				ALWAYS_EMBED_SWIFT_STANDARD_LIBRARIES = YES;
				INFOPLIST_FILE = flix_demo_03UITests/Info.plist;
				IPHONEOS_DEPLOYMENT_TARGET = 10.0;
				LD_RUNPATH_SEARCH_PATHS = "$(inherited) @executable_path/Frameworks @loader_path/Frameworks";
				PRODUCT_BUNDLE_IDENTIFIER = "csumb.edu.jantongiovanni.flix-demo-03UITests";
				PRODUCT_NAME = "$(TARGET_NAME)";
				SWIFT_VERSION = 3.0;
				TEST_TARGET_NAME = flix_demo_03;
			};
			name = Release;
		};
/* End XCBuildConfiguration section */

/* Begin XCConfigurationList section */
		F0D8D768201FDB7400F95438 /* Build configuration list for PBXProject "flix_demo_03" */ = {
			isa = XCConfigurationList;
			buildConfigurations = (
				F0D8D793201FDB7400F95438 /* Debug */,
				F0D8D794201FDB7400F95438 /* Release */,
			);
			defaultConfigurationIsVisible = 0;
			defaultConfigurationName = Release;
		};
		F0D8D795201FDB7400F95438 /* Build configuration list for PBXNativeTarget "flix_demo_03" */ = {
			isa = XCConfigurationList;
			buildConfigurations = (
				F0D8D796201FDB7400F95438 /* Debug */,
				F0D8D797201FDB7400F95438 /* Release */,
			);
			defaultConfigurationIsVisible = 0;
			defaultConfigurationName = Release;
		};
		F0D8D798201FDB7400F95438 /* Build configuration list for PBXNativeTarget "flix_demo_03Tests" */ = {
			isa = XCConfigurationList;
			buildConfigurations = (
				F0D8D799201FDB7400F95438 /* Debug */,
				F0D8D79A201FDB7400F95438 /* Release */,
			);
			defaultConfigurationIsVisible = 0;
			defaultConfigurationName = Release;
		};
		F0D8D79B201FDB7400F95438 /* Build configuration list for PBXNativeTarget "flix_demo_03UITests" */ = {
			isa = XCConfigurationList;
			buildConfigurations = (
				F0D8D79C201FDB7400F95438 /* Debug */,
				F0D8D79D201FDB7400F95438 /* Release */,
			);
			defaultConfigurationIsVisible = 0;
			defaultConfigurationName = Release;
		};
/* End XCConfigurationList section */
	};
	rootObject = F0D8D765201FDB7400F95438 /* Project object */;
}
